
Microsoft Visual Studio Solution File, Format Version 12.00
# Visual Studio Version 16
VisualStudioVersion = 16.0.30011.22
MinimumVisualStudioVersion = 10.0.40219.1
Project("{8BC9CEB8-8B4A-11D0-8D11-00A0C91BC942}") = "hello", "hello\hello.vcxproj", "{CE645371-9EDA-4BAB-95F1-A0D97AD561AA}"
EndProject
Global
	GlobalSection(SolutionConfigurationPlatforms) = preSolution
		Debug|x64 = Debug|x64
		Debug|x86 = Debug|x86
		Release|x64 = Release|x64
		Release|x86 = Release|x86
	EndGlobalSection
	GlobalSection(ProjectConfigurationPlatforms) = postSolution
		{CE645371-9EDA-4BAB-95F1-A0D97AD561AA}.Debug|x64.ActiveCfg = Debug|x64
		{CE645371-9EDA-4BAB-95F1-A0D97AD561AA}.Debug|x64.Build.0 = Debug|x64
		{CE645371-9EDA-4BAB-95F1-A0D97AD561AA}.Debug|x86.ActiveCfg = Debug|Win32
		{CE645371-9EDA-4BAB-95F1-A0D97AD561AA}.Debug|x86.Build.0 = Debug|Win32
		{CE645371-9EDA-4BAB-95F1-A0D97AD561AA}.Release|x64.ActiveCfg = Release|x64
		{CE645371-9EDA-4BAB-95F1-A0D97AD561AA}.Release|x64.Build.0 = Release|x64
		{CE645371-9EDA-4BAB-95F1-A0D97AD561AA}.Release|x86.ActiveCfg = Release|Win32
		{CE645371-9EDA-4BAB-95F1-A0D97AD561AA}.Release|x86.Build.0 = Release|Win32
	EndGlobalSection
	GlobalSection(SolutionProperties) = preSolution
		HideSolutionNode = FALSE
	EndGlobalSection
	GlobalSection(ExtensibilityGlobals) = postSolution
		SolutionGuid = {B69AD60C-A162-4E78-A2C7-C32D8F231C86}
	EndGlobalSection
EndGlobal
