
Microsoft Visual Studio Solution File, Format Version 12.00
# Visual Studio Version 16
VisualStudioVersion = 16.0.30011.22
MinimumVisualStudioVersion = 10.0.40219.1
Project("{8BC9CEB8-8B4A-11D0-8D11-00A0C91BC942}") = "exercises", "exercises\exercises.vcxproj", "{ECA8925A-D7FF-4786-B74E-CA7249379645}"
EndProject
Global
	GlobalSection(SolutionConfigurationPlatforms) = preSolution
		Debug|x64 = Debug|x64
		Debug|x86 = Debug|x86
		Release|x64 = Release|x64
		Release|x86 = Release|x86
	EndGlobalSection
	GlobalSection(ProjectConfigurationPlatforms) = postSolution
		{ECA8925A-D7FF-4786-B74E-CA7249379645}.Debug|x64.ActiveCfg = Debug|x64
		{ECA8925A-D7FF-4786-B74E-CA7249379645}.Debug|x64.Build.0 = Debug|x64
		{ECA8925A-D7FF-4786-B74E-CA7249379645}.Debug|x86.ActiveCfg = Debug|Win32
		{ECA8925A-D7FF-4786-B74E-CA7249379645}.Debug|x86.Build.0 = Debug|Win32
		{ECA8925A-D7FF-4786-B74E-CA7249379645}.Release|x64.ActiveCfg = Release|x64
		{ECA8925A-D7FF-4786-B74E-CA7249379645}.Release|x64.Build.0 = Release|x64
		{ECA8925A-D7FF-4786-B74E-CA7249379645}.Release|x86.ActiveCfg = Release|Win32
		{ECA8925A-D7FF-4786-B74E-CA7249379645}.Release|x86.Build.0 = Release|Win32
	EndGlobalSection
	GlobalSection(SolutionProperties) = preSolution
		HideSolutionNode = FALSE
	EndGlobalSection
	GlobalSection(ExtensibilityGlobals) = postSolution
		SolutionGuid = {EB0442F7-657B-4D93-9FFE-1ADD8316EDC9}
	EndGlobalSection
EndGlobal
